
Microsoft Visual Studio Solution File, Format Version 12.00
# Visual Studio Version 16
VisualStudioVersion = 16.0.31702.278
MinimumVisualStudioVersion = 10.0.40219.1
Project("{FAE04EC0-301F-11D3-BF4B-00C04F79EFBC}") = "EntranceProject", "EntranceProject\EntranceProject.csproj", "{AB289CEA-B0D3-4C5B-B7AA-BA247EF7570A}"
EndProject
Global
	GlobalSection(SolutionConfigurationPlatforms) = preSolution
		Debug|Any CPU = Debug|Any CPU
		Release|Any CPU = Release|Any CPU
	EndGlobalSection
	GlobalSection(ProjectConfigurationPlatforms) = postSolution
		{AB289CEA-B0D3-4C5B-B7AA-BA247EF7570A}.Debug|Any CPU.ActiveCfg = Debug|Any CPU
		{AB289CEA-B0D3-4C5B-B7AA-BA247EF7570A}.Debug|Any CPU.Build.0 = Debug|Any CPU
		{AB289CEA-B0D3-4C5B-B7AA-BA247EF7570A}.Release|Any CPU.ActiveCfg = Release|Any CPU
		{AB289CEA-B0D3-4C5B-B7AA-BA247EF7570A}.Release|Any CPU.Build.0 = Release|Any CPU
	EndGlobalSection
	GlobalSection(SolutionProperties) = preSolution
		HideSolutionNode = FALSE
	EndGlobalSection
	GlobalSection(ExtensibilityGlobals) = postSolution
		SolutionGuid = {3C2DF119-6707-4488-9D37-6AAC3A79C9A6}
	EndGlobalSection
EndGlobal
